{
  "nodes": {
    "nixpkgs": {
      "locked": {
        "lastModified": 1683802553,
        "narHash": "sha256-1KQfY1wJ0QgAl2hwbvzy09uhEtFlGUKqwfAzjX7NCYA=",
        "owner": "Nixos",
        "repo": "nixpkgs",
        "rev": "1a0ffed73a73ba9527480150412982adeeeecb03",
        "type": "github"
      },
      "original": {
        "owner": "Nixos",
        "ref": "release-22.11",
        "repo": "nixpkgs",
        "type": "github"
      }
    },
    "root": {
      "inputs": {
        "nixpkgs": "nixpkgs"
      }
    }
  },
  "root": "root",
  "version": 7
}
